
Microsoft Visual Studio Solution File, Format Version 12.00
# Visual Studio Version 17
VisualStudioVersion = 17.4.33110.190
MinimumVisualStudioVersion = 10.0.40219.1
Project("{FAE04EC0-301F-11D3-BF4B-00C04F79EFBC}") = "Tutorial", "Tutorial.csproj", "{A68F45A7-28E0-438E-AB5C-6B7B362C63B1}"
EndProject
Project("{FAE04EC0-301F-11D3-BF4B-00C04F79EFBC}") = "Core", "..\Core\Core.csproj", "{FC759936-E3E1-47B9-856E-861C069B78F8}"
EndProject
Project("{FAE04EC0-301F-11D3-BF4B-00C04F79EFBC}") = "Infrastructure", "..\Infrastructure\Infrastructure.csproj", "{753DACA0-5A5D-4A77-947E-B11611786BEB}"
EndProject
Global
	GlobalSection(SolutionConfigurationPlatforms) = preSolution
		Debug|Any CPU = Debug|Any CPU
		Release|Any CPU = Release|Any CPU
	EndGlobalSection
	GlobalSection(ProjectConfigurationPlatforms) = postSolution
		{A68F45A7-28E0-438E-AB5C-6B7B362C63B1}.Debug|Any CPU.ActiveCfg = Debug|Any CPU
		{A68F45A7-28E0-438E-AB5C-6B7B362C63B1}.Debug|Any CPU.Build.0 = Debug|Any CPU
		{A68F45A7-28E0-438E-AB5C-6B7B362C63B1}.Release|Any CPU.ActiveCfg = Release|Any CPU
		{A68F45A7-28E0-438E-AB5C-6B7B362C63B1}.Release|Any CPU.Build.0 = Release|Any CPU
		{FC759936-E3E1-47B9-856E-861C069B78F8}.Debug|Any CPU.ActiveCfg = Debug|Any CPU
		{FC759936-E3E1-47B9-856E-861C069B78F8}.Debug|Any CPU.Build.0 = Debug|Any CPU
		{FC759936-E3E1-47B9-856E-861C069B78F8}.Release|Any CPU.ActiveCfg = Release|Any CPU
		{FC759936-E3E1-47B9-856E-861C069B78F8}.Release|Any CPU.Build.0 = Release|Any CPU
		{753DACA0-5A5D-4A77-947E-B11611786BEB}.Debug|Any CPU.ActiveCfg = Debug|Any CPU
		{753DACA0-5A5D-4A77-947E-B11611786BEB}.Debug|Any CPU.Build.0 = Debug|Any CPU
		{753DACA0-5A5D-4A77-947E-B11611786BEB}.Release|Any CPU.ActiveCfg = Release|Any CPU
		{753DACA0-5A5D-4A77-947E-B11611786BEB}.Release|Any CPU.Build.0 = Release|Any CPU
	EndGlobalSection
	GlobalSection(SolutionProperties) = preSolution
		HideSolutionNode = FALSE
	EndGlobalSection
	GlobalSection(ExtensibilityGlobals) = postSolution
		SolutionGuid = {263B583A-DD92-4FBF-9C5A-8A7E457824AF}
	EndGlobalSection
EndGlobal
